
Microsoft Visual Studio Solution File, Format Version 12.00
# Visual Studio 15
VisualStudioVersion = 15.0.27428.2005
MinimumVisualStudioVersion = 10.0.40219.1
Project("{FAE04EC0-301F-11D3-BF4B-00C04F79EFBC}") = "MXApp.Android", "MXApp\MXApp.Android\MXApp.Android.csproj", "{165E9E25-4166-4271-B05A-EE2FB161F5B4}"
EndProject
Project("{FAE04EC0-301F-11D3-BF4B-00C04F79EFBC}") = "MXApp.iOS", "MXApp\MXApp.iOS\MXApp.iOS.csproj", "{E32421EC-1C74-4F25-94DA-E85006DB8C28}"
EndProject
Project("{FAE04EC0-301F-11D3-BF4B-00C04F79EFBC}") = "MXApp.UWP", "MXApp\MXApp.UWP\MXApp.UWP.csproj", "{6B27D936-B36F-4DFB-A451-4947DAE5F423}"
EndProject
Project("{9A19103F-16F7-4668-BE54-9A1E7A4F7556}") = "MXApp", "MXApp\MXApp\MXApp.csproj", "{5F56E26C-AA29-4888-AE14-336C964A77DD}"
EndProject
Project("{9A19103F-16F7-4668-BE54-9A1E7A4F7556}") = "MXApi.Models", "MXApi.Models\MXApi.Models.csproj", "{68DE35C8-576F-4BF3-B8BD-954E5E8B0955}"
EndProject
Project("{FAE04EC0-301F-11D3-BF4B-00C04F79EFBC}") = "MXApp.MobileService", "MXApp.MobileService\MXApp.MobileService.csproj", "{00BDA47B-467F-45E1-BEBB-2824C907EFAC}"
EndProject
Global
	GlobalSection(SolutionConfigurationPlatforms) = preSolution
		Ad-Hoc|Any CPU = Ad-Hoc|Any CPU
		Ad-Hoc|ARM = Ad-Hoc|ARM
		Ad-Hoc|iPhone = Ad-Hoc|iPhone
		Ad-Hoc|iPhoneSimulator = Ad-Hoc|iPhoneSimulator
		Ad-Hoc|x64 = Ad-Hoc|x64
		Ad-Hoc|x86 = Ad-Hoc|x86
		AppStore|Any CPU = AppStore|Any CPU
		AppStore|ARM = AppStore|ARM
		AppStore|iPhone = AppStore|iPhone
		AppStore|iPhoneSimulator = AppStore|iPhoneSimulator
		AppStore|x64 = AppStore|x64
		AppStore|x86 = AppStore|x86
		Debug|Any CPU = Debug|Any CPU
		Debug|ARM = Debug|ARM
		Debug|iPhone = Debug|iPhone
		Debug|iPhoneSimulator = Debug|iPhoneSimulator
		Debug|x64 = Debug|x64
		Debug|x86 = Debug|x86
		Release|Any CPU = Release|Any CPU
		Release|ARM = Release|ARM
		Release|iPhone = Release|iPhone
		Release|iPhoneSimulator = Release|iPhoneSimulator
		Release|x64 = Release|x64
		Release|x86 = Release|x86
	EndGlobalSection
	GlobalSection(ProjectConfigurationPlatforms) = postSolution
		{165E9E25-4166-4271-B05A-EE2FB161F5B4}.Ad-Hoc|Any CPU.ActiveCfg = Release|Any CPU
		{165E9E25-4166-4271-B05A-EE2FB161F5B4}.Ad-Hoc|Any CPU.Build.0 = Release|Any CPU
		{165E9E25-4166-4271-B05A-EE2FB161F5B4}.Ad-Hoc|Any CPU.Deploy.0 = Release|Any CPU
		{165E9E25-4166-4271-B05A-EE2FB161F5B4}.Ad-Hoc|ARM.ActiveCfg = Release|Any CPU
		{165E9E25-4166-4271-B05A-EE2FB161F5B4}.Ad-Hoc|ARM.Build.0 = Release|Any CPU
		{165E9E25-4166-4271-B05A-EE2FB161F5B4}.Ad-Hoc|ARM.Deploy.0 = Release|Any CPU
		{165E9E25-4166-4271-B05A-EE2FB161F5B4}.Ad-Hoc|iPhone.ActiveCfg = Release|Any CPU
		{165E9E25-4166-4271-B05A-EE2FB161F5B4}.Ad-Hoc|iPhone.Build.0 = Release|Any CPU
		{165E9E25-4166-4271-B05A-EE2FB161F5B4}.Ad-Hoc|iPhone.Deploy.0 = Release|Any CPU
		{165E9E25-4166-4271-B05A-EE2FB161F5B4}.Ad-Hoc|iPhoneSimulator.ActiveCfg = Release|Any CPU
		{165E9E25-4166-4271-B05A-EE2FB161F5B4}.Ad-Hoc|iPhoneSimulator.Build.0 = Release|Any CPU
		{165E9E25-4166-4271-B05A-EE2FB161F5B4}.Ad-Hoc|iPhoneSimulator.Deploy.0 = Release|Any CPU
		{165E9E25-4166-4271-B05A-EE2FB161F5B4}.Ad-Hoc|x64.ActiveCfg = Release|Any CPU
		{165E9E25-4166-4271-B05A-EE2FB161F5B4}.Ad-Hoc|x64.Build.0 = Release|Any CPU
		{165E9E25-4166-4271-B05A-EE2FB161F5B4}.Ad-Hoc|x64.Deploy.0 = Release|Any CPU
		{165E9E25-4166-4271-B05A-EE2FB161F5B4}.Ad-Hoc|x86.ActiveCfg = Release|Any CPU
		{165E9E25-4166-4271-B05A-EE2FB161F5B4}.Ad-Hoc|x86.Build.0 = Release|Any CPU
		{165E9E25-4166-4271-B05A-EE2FB161F5B4}.Ad-Hoc|x86.Deploy.0 = Release|Any CPU
		{165E9E25-4166-4271-B05A-EE2FB161F5B4}.AppStore|Any CPU.ActiveCfg = Release|Any CPU
		{165E9E25-4166-4271-B05A-EE2FB161F5B4}.AppStore|Any CPU.Build.0 = Release|Any CPU
		{165E9E25-4166-4271-B05A-EE2FB161F5B4}.AppStore|Any CPU.Deploy.0 = Release|Any CPU
		{165E9E25-4166-4271-B05A-EE2FB161F5B4}.AppStore|ARM.ActiveCfg = Release|Any CPU
		{165E9E25-4166-4271-B05A-EE2FB161F5B4}.AppStore|ARM.Build.0 = Release|Any CPU
		{165E9E25-4166-4271-B05A-EE2FB161F5B4}.AppStore|ARM.Deploy.0 = Release|Any CPU
		{165E9E25-4166-4271-B05A-EE2FB161F5B4}.AppStore|iPhone.ActiveCfg = Release|Any CPU
		{165E9E25-4166-4271-B05A-EE2FB161F5B4}.AppStore|iPhone.Build.0 = Release|Any CPU
		{165E9E25-4166-4271-B05A-EE2FB161F5B4}.AppStore|iPhone.Deploy.0 = Release|Any CPU
		{165E9E25-4166-4271-B05A-EE2FB161F5B4}.AppStore|iPhoneSimulator.ActiveCfg = Release|Any CPU
		{165E9E25-4166-4271-B05A-EE2FB161F5B4}.AppStore|iPhoneSimulator.Build.0 = Release|Any CPU
		{165E9E25-4166-4271-B05A-EE2FB161F5B4}.AppStore|iPhoneSimulator.Deploy.0 = Release|Any CPU
		{165E9E25-4166-4271-B05A-EE2FB161F5B4}.AppStore|x64.ActiveCfg = Release|Any CPU
		{165E9E25-4166-4271-B05A-EE2FB161F5B4}.AppStore|x64.Build.0 = Release|Any CPU
		{165E9E25-4166-4271-B05A-EE2FB161F5B4}.AppStore|x64.Deploy.0 = Release|Any CPU
		{165E9E25-4166-4271-B05A-EE2FB161F5B4}.AppStore|x86.ActiveCfg = Release|Any CPU
		{165E9E25-4166-4271-B05A-EE2FB161F5B4}.AppStore|x86.Build.0 = Release|Any CPU
		{165E9E25-4166-4271-B05A-EE2FB161F5B4}.AppStore|x86.Deploy.0 = Release|Any CPU
		{165E9E25-4166-4271-B05A-EE2FB161F5B4}.Debug|Any CPU.ActiveCfg = Debug|Any CPU
		{165E9E25-4166-4271-B05A-EE2FB161F5B4}.Debug|Any CPU.Build.0 = Debug|Any CPU
		{165E9E25-4166-4271-B05A-EE2FB161F5B4}.Debug|Any CPU.Deploy.0 = Debug|Any CPU
		{165E9E25-4166-4271-B05A-EE2FB161F5B4}.Debug|ARM.ActiveCfg = Debug|Any CPU
		{165E9E25-4166-4271-B05A-EE2FB161F5B4}.Debug|ARM.Build.0 = Debug|Any CPU
		{165E9E25-4166-4271-B05A-EE2FB161F5B4}.Debug|ARM.Deploy.0 = Debug|Any CPU
		{165E9E25-4166-4271-B05A-EE2FB161F5B4}.Debug|iPhone.ActiveCfg = Debug|Any CPU
		{165E9E25-4166-4271-B05A-EE2FB161F5B4}.Debug|iPhone.Build.0 = Debug|Any CPU
		{165E9E25-4166-4271-B05A-EE2FB161F5B4}.Debug|iPhone.Deploy.0 = Debug|Any CPU
		{165E9E25-4166-4271-B05A-EE2FB161F5B4}.Debug|iPhoneSimulator.ActiveCfg = Debug|Any CPU
		{165E9E25-4166-4271-B05A-EE2FB161F5B4}.Debug|iPhoneSimulator.Build.0 = Debug|Any CPU
		{165E9E25-4166-4271-B05A-EE2FB161F5B4}.Debug|iPhoneSimulator.Deploy.0 = Debug|Any CPU
		{165E9E25-4166-4271-B05A-EE2FB161F5B4}.Debug|x64.ActiveCfg = Debug|Any CPU
		{165E9E25-4166-4271-B05A-EE2FB161F5B4}.Debug|x64.Build.0 = Debug|Any CPU
		{165E9E25-4166-4271-B05A-EE2FB161F5B4}.Debug|x64.Deploy.0 = Debug|Any CPU
		{165E9E25-4166-4271-B05A-EE2FB161F5B4}.Debug|x86.ActiveCfg = Debug|Any CPU
		{165E9E25-4166-4271-B05A-EE2FB161F5B4}.Debug|x86.Build.0 = Debug|Any CPU
		{165E9E25-4166-4271-B05A-EE2FB161F5B4}.Debug|x86.Deploy.0 = Debug|Any CPU
		{165E9E25-4166-4271-B05A-EE2FB161F5B4}.Release|Any CPU.ActiveCfg = Release|Any CPU
		{165E9E25-4166-4271-B05A-EE2FB161F5B4}.Release|Any CPU.Build.0 = Release|Any CPU
		{165E9E25-4166-4271-B05A-EE2FB161F5B4}.Release|Any CPU.Deploy.0 = Release|Any CPU
		{165E9E25-4166-4271-B05A-EE2FB161F5B4}.Release|ARM.ActiveCfg = Release|Any CPU
		{165E9E25-4166-4271-B05A-EE2FB161F5B4}.Release|ARM.Build.0 = Release|Any CPU
		{165E9E25-4166-4271-B05A-EE2FB161F5B4}.Release|ARM.Deploy.0 = Release|Any CPU
		{165E9E25-4166-4271-B05A-EE2FB161F5B4}.Release|iPhone.ActiveCfg = Release|Any CPU
		{165E9E25-4166-4271-B05A-EE2FB161F5B4}.Release|iPhone.Build.0 = Release|Any CPU
		{165E9E25-4166-4271-B05A-EE2FB161F5B4}.Release|iPhone.Deploy.0 = Release|Any CPU
		{165E9E25-4166-4271-B05A-EE2FB161F5B4}.Release|iPhoneSimulator.ActiveCfg = Release|Any CPU
		{165E9E25-4166-4271-B05A-EE2FB161F5B4}.Release|iPhoneSimulator.Build.0 = Release|Any CPU
		{165E9E25-4166-4271-B05A-EE2FB161F5B4}.Release|iPhoneSimulator.Deploy.0 = Release|Any CPU
		{165E9E25-4166-4271-B05A-EE2FB161F5B4}.Release|x64.ActiveCfg = Release|Any CPU
		{165E9E25-4166-4271-B05A-EE2FB161F5B4}.Release|x64.Build.0 = Release|Any CPU
		{165E9E25-4166-4271-B05A-EE2FB161F5B4}.Release|x64.Deploy.0 = Release|Any CPU
		{165E9E25-4166-4271-B05A-EE2FB161F5B4}.Release|x86.ActiveCfg = Release|Any CPU
		{165E9E25-4166-4271-B05A-EE2FB161F5B4}.Release|x86.Build.0 = Release|Any CPU
		{165E9E25-4166-4271-B05A-EE2FB161F5B4}.Release|x86.Deploy.0 = Release|Any CPU
		{E32421EC-1C74-4F25-94DA-E85006DB8C28}.Ad-Hoc|Any CPU.ActiveCfg = Ad-Hoc|iPhone
		{E32421EC-1C74-4F25-94DA-E85006DB8C28}.Ad-Hoc|ARM.ActiveCfg = Ad-Hoc|iPhone
		{E32421EC-1C74-4F25-94DA-E85006DB8C28}.Ad-Hoc|iPhone.ActiveCfg = Ad-Hoc|iPhone
		{E32421EC-1C74-4F25-94DA-E85006DB8C28}.Ad-Hoc|iPhone.Build.0 = Ad-Hoc|iPhone
		{E32421EC-1C74-4F25-94DA-E85006DB8C28}.Ad-Hoc|iPhoneSimulator.ActiveCfg = Ad-Hoc|iPhoneSimulator
		{E32421EC-1C74-4F25-94DA-E85006DB8C28}.Ad-Hoc|iPhoneSimulator.Build.0 = Ad-Hoc|iPhoneSimulator
		{E32421EC-1C74-4F25-94DA-E85006DB8C28}.Ad-Hoc|x64.ActiveCfg = Ad-Hoc|iPhone
		{E32421EC-1C74-4F25-94DA-E85006DB8C28}.Ad-Hoc|x86.ActiveCfg = Ad-Hoc|iPhone
		{E32421EC-1C74-4F25-94DA-E85006DB8C28}.AppStore|Any CPU.ActiveCfg = AppStore|iPhone
		{E32421EC-1C74-4F25-94DA-E85006DB8C28}.AppStore|ARM.ActiveCfg = AppStore|iPhone
		{E32421EC-1C74-4F25-94DA-E85006DB8C28}.AppStore|iPhone.ActiveCfg = AppStore|iPhone
		{E32421EC-1C74-4F25-94DA-E85006DB8C28}.AppStore|iPhone.Build.0 = AppStore|iPhone
		{E32421EC-1C74-4F25-94DA-E85006DB8C28}.AppStore|iPhoneSimulator.ActiveCfg = AppStore|iPhoneSimulator
		{E32421EC-1C74-4F25-94DA-E85006DB8C28}.AppStore|iPhoneSimulator.Build.0 = AppStore|iPhoneSimulator
		{E32421EC-1C74-4F25-94DA-E85006DB8C28}.AppStore|x64.ActiveCfg = AppStore|iPhone
		{E32421EC-1C74-4F25-94DA-E85006DB8C28}.AppStore|x86.ActiveCfg = AppStore|iPhone
		{E32421EC-1C74-4F25-94DA-E85006DB8C28}.Debug|Any CPU.ActiveCfg = Debug|iPhone
		{E32421EC-1C74-4F25-94DA-E85006DB8C28}.Debug|ARM.ActiveCfg = Debug|iPhone
		{E32421EC-1C74-4F25-94DA-E85006DB8C28}.Debug|iPhone.ActiveCfg = Debug|iPhone
		{E32421EC-1C74-4F25-94DA-E85006DB8C28}.Debug|iPhone.Build.0 = Debug|iPhone
		{E32421EC-1C74-4F25-94DA-E85006DB8C28}.Debug|iPhoneSimulator.ActiveCfg = Debug|iPhoneSimulator
		{E32421EC-1C74-4F25-94DA-E85006DB8C28}.Debug|iPhoneSimulator.Build.0 = Debug|iPhoneSimulator
		{E32421EC-1C74-4F25-94DA-E85006DB8C28}.Debug|x64.ActiveCfg = Debug|iPhone
		{E32421EC-1C74-4F25-94DA-E85006DB8C28}.Debug|x86.ActiveCfg = Debug|iPhone
		{E32421EC-1C74-4F25-94DA-E85006DB8C28}.Release|Any CPU.ActiveCfg = Release|iPhone
		{E32421EC-1C74-4F25-94DA-E85006DB8C28}.Release|ARM.ActiveCfg = Release|iPhone
		{E32421EC-1C74-4F25-94DA-E85006DB8C28}.Release|iPhone.ActiveCfg = Release|iPhone
		{E32421EC-1C74-4F25-94DA-E85006DB8C28}.Release|iPhone.Build.0 = Release|iPhone
		{E32421EC-1C74-4F25-94DA-E85006DB8C28}.Release|iPhoneSimulator.ActiveCfg = Release|iPhoneSimulator
		{E32421EC-1C74-4F25-94DA-E85006DB8C28}.Release|iPhoneSimulator.Build.0 = Release|iPhoneSimulator
		{E32421EC-1C74-4F25-94DA-E85006DB8C28}.Release|x64.ActiveCfg = Release|iPhone
		{E32421EC-1C74-4F25-94DA-E85006DB8C28}.Release|x86.ActiveCfg = Release|iPhone
		{6B27D936-B36F-4DFB-A451-4947DAE5F423}.Ad-Hoc|Any CPU.ActiveCfg = Release|x86
		{6B27D936-B36F-4DFB-A451-4947DAE5F423}.Ad-Hoc|Any CPU.Build.0 = Release|x86
		{6B27D936-B36F-4DFB-A451-4947DAE5F423}.Ad-Hoc|Any CPU.Deploy.0 = Release|x86
		{6B27D936-B36F-4DFB-A451-4947DAE5F423}.Ad-Hoc|ARM.ActiveCfg = Release|ARM
		{6B27D936-B36F-4DFB-A451-4947DAE5F423}.Ad-Hoc|ARM.Build.0 = Release|ARM
		{6B27D936-B36F-4DFB-A451-4947DAE5F423}.Ad-Hoc|ARM.Deploy.0 = Release|ARM
		{6B27D936-B36F-4DFB-A451-4947DAE5F423}.Ad-Hoc|iPhone.ActiveCfg = Release|x86
		{6B27D936-B36F-4DFB-A451-4947DAE5F423}.Ad-Hoc|iPhone.Build.0 = Release|x86
		{6B27D936-B36F-4DFB-A451-4947DAE5F423}.Ad-Hoc|iPhone.Deploy.0 = Release|x86
		{6B27D936-B36F-4DFB-A451-4947DAE5F423}.Ad-Hoc|iPhoneSimulator.ActiveCfg = Release|x86
		{6B27D936-B36F-4DFB-A451-4947DAE5F423}.Ad-Hoc|iPhoneSimulator.Build.0 = Release|x86
		{6B27D936-B36F-4DFB-A451-4947DAE5F423}.Ad-Hoc|iPhoneSimulator.Deploy.0 = Release|x86
		{6B27D936-B36F-4DFB-A451-4947DAE5F423}.Ad-Hoc|x64.ActiveCfg = Release|x64
		{6B27D936-B36F-4DFB-A451-4947DAE5F423}.Ad-Hoc|x64.Build.0 = Release|x64
		{6B27D936-B36F-4DFB-A451-4947DAE5F423}.Ad-Hoc|x64.Deploy.0 = Release|x64
		{6B27D936-B36F-4DFB-A451-4947DAE5F423}.Ad-Hoc|x86.ActiveCfg = Release|x86
		{6B27D936-B36F-4DFB-A451-4947DAE5F423}.Ad-Hoc|x86.Build.0 = Release|x86
		{6B27D936-B36F-4DFB-A451-4947DAE5F423}.Ad-Hoc|x86.Deploy.0 = Release|x86
		{6B27D936-B36F-4DFB-A451-4947DAE5F423}.AppStore|Any CPU.ActiveCfg = Release|x86
		{6B27D936-B36F-4DFB-A451-4947DAE5F423}.AppStore|Any CPU.Build.0 = Release|x86
		{6B27D936-B36F-4DFB-A451-4947DAE5F423}.AppStore|Any CPU.Deploy.0 = Release|x86
		{6B27D936-B36F-4DFB-A451-4947DAE5F423}.AppStore|ARM.ActiveCfg = Release|ARM
		{6B27D936-B36F-4DFB-A451-4947DAE5F423}.AppStore|ARM.Build.0 = Release|ARM
		{6B27D936-B36F-4DFB-A451-4947DAE5F423}.AppStore|ARM.Deploy.0 = Release|ARM
		{6B27D936-B36F-4DFB-A451-4947DAE5F423}.AppStore|iPhone.ActiveCfg = Release|x86
		{6B27D936-B36F-4DFB-A451-4947DAE5F423}.AppStore|iPhone.Build.0 = Release|x86
		{6B27D936-B36F-4DFB-A451-4947DAE5F423}.AppStore|iPhone.Deploy.0 = Release|x86
		{6B27D936-B36F-4DFB-A451-4947DAE5F423}.AppStore|iPhoneSimulator.ActiveCfg = Release|x86
		{6B27D936-B36F-4DFB-A451-4947DAE5F423}.AppStore|iPhoneSimulator.Build.0 = Release|x86
		{6B27D936-B36F-4DFB-A451-4947DAE5F423}.AppStore|iPhoneSimulator.Deploy.0 = Release|x86
		{6B27D936-B36F-4DFB-A451-4947DAE5F423}.AppStore|x64.ActiveCfg = Release|x64
		{6B27D936-B36F-4DFB-A451-4947DAE5F423}.AppStore|x64.Build.0 = Release|x64
		{6B27D936-B36F-4DFB-A451-4947DAE5F423}.AppStore|x64.Deploy.0 = Release|x64
		{6B27D936-B36F-4DFB-A451-4947DAE5F423}.AppStore|x86.ActiveCfg = Release|x86
		{6B27D936-B36F-4DFB-A451-4947DAE5F423}.AppStore|x86.Build.0 = Release|x86
		{6B27D936-B36F-4DFB-A451-4947DAE5F423}.AppStore|x86.Deploy.0 = Release|x86
		{6B27D936-B36F-4DFB-A451-4947DAE5F423}.Debug|Any CPU.ActiveCfg = Debug|x86
		{6B27D936-B36F-4DFB-A451-4947DAE5F423}.Debug|ARM.ActiveCfg = Debug|ARM
		{6B27D936-B36F-4DFB-A451-4947DAE5F423}.Debug|ARM.Build.0 = Debug|ARM
		{6B27D936-B36F-4DFB-A451-4947DAE5F423}.Debug|ARM.Deploy.0 = Debug|ARM
		{6B27D936-B36F-4DFB-A451-4947DAE5F423}.Debug|iPhone.ActiveCfg = Debug|x86
		{6B27D936-B36F-4DFB-A451-4947DAE5F423}.Debug|iPhoneSimulator.ActiveCfg = Debug|x86
		{6B27D936-B36F-4DFB-A451-4947DAE5F423}.Debug|x64.ActiveCfg = Debug|x64
		{6B27D936-B36F-4DFB-A451-4947DAE5F423}.Debug|x64.Build.0 = Debug|x64
		{6B27D936-B36F-4DFB-A451-4947DAE5F423}.Debug|x64.Deploy.0 = Debug|x64
		{6B27D936-B36F-4DFB-A451-4947DAE5F423}.Debug|x86.ActiveCfg = Debug|x86
		{6B27D936-B36F-4DFB-A451-4947DAE5F423}.Debug|x86.Build.0 = Debug|x86
		{6B27D936-B36F-4DFB-A451-4947DAE5F423}.Debug|x86.Deploy.0 = Debug|x86
		{6B27D936-B36F-4DFB-A451-4947DAE5F423}.Release|Any CPU.ActiveCfg = Release|x86
		{6B27D936-B36F-4DFB-A451-4947DAE5F423}.Release|ARM.ActiveCfg = Release|ARM
		{6B27D936-B36F-4DFB-A451-4947DAE5F423}.Release|ARM.Build.0 = Release|ARM
		{6B27D936-B36F-4DFB-A451-4947DAE5F423}.Release|ARM.Deploy.0 = Release|ARM
		{6B27D936-B36F-4DFB-A451-4947DAE5F423}.Release|iPhone.ActiveCfg = Release|x86
		{6B27D936-B36F-4DFB-A451-4947DAE5F423}.Release|iPhoneSimulator.ActiveCfg = Release|x86
		{6B27D936-B36F-4DFB-A451-4947DAE5F423}.Release|x64.ActiveCfg = Release|x64
		{6B27D936-B36F-4DFB-A451-4947DAE5F423}.Release|x64.Build.0 = Release|x64
		{6B27D936-B36F-4DFB-A451-4947DAE5F423}.Release|x64.Deploy.0 = Release|x64
		{6B27D936-B36F-4DFB-A451-4947DAE5F423}.Release|x86.ActiveCfg = Release|x86
		{6B27D936-B36F-4DFB-A451-4947DAE5F423}.Release|x86.Build.0 = Release|x86
		{6B27D936-B36F-4DFB-A451-4947DAE5F423}.Release|x86.Deploy.0 = Release|x86
		{5F56E26C-AA29-4888-AE14-336C964A77DD}.Ad-Hoc|Any CPU.ActiveCfg = Debug|Any CPU
		{5F56E26C-AA29-4888-AE14-336C964A77DD}.Ad-Hoc|Any CPU.Build.0 = Debug|Any CPU
		{5F56E26C-AA29-4888-AE14-336C964A77DD}.Ad-Hoc|ARM.ActiveCfg = Debug|Any CPU
		{5F56E26C-AA29-4888-AE14-336C964A77DD}.Ad-Hoc|ARM.Build.0 = Debug|Any CPU
		{5F56E26C-AA29-4888-AE14-336C964A77DD}.Ad-Hoc|iPhone.ActiveCfg = Debug|Any CPU
		{5F56E26C-AA29-4888-AE14-336C964A77DD}.Ad-Hoc|iPhone.Build.0 = Debug|Any CPU
		{5F56E26C-AA29-4888-AE14-336C964A77DD}.Ad-Hoc|iPhoneSimulator.ActiveCfg = Debug|Any CPU
		{5F56E26C-AA29-4888-AE14-336C964A77DD}.Ad-Hoc|iPhoneSimulator.Build.0 = Debug|Any CPU
		{5F56E26C-AA29-4888-AE14-336C964A77DD}.Ad-Hoc|x64.ActiveCfg = Debug|Any CPU
		{5F56E26C-AA29-4888-AE14-336C964A77DD}.Ad-Hoc|x64.Build.0 = Debug|Any CPU
		{5F56E26C-AA29-4888-AE14-336C964A77DD}.Ad-Hoc|x86.ActiveCfg = Debug|Any CPU
		{5F56E26C-AA29-4888-AE14-336C964A77DD}.Ad-Hoc|x86.Build.0 = Debug|Any CPU
		{5F56E26C-AA29-4888-AE14-336C964A77DD}.AppStore|Any CPU.ActiveCfg = Debug|Any CPU
		{5F56E26C-AA29-4888-AE14-336C964A77DD}.AppStore|Any CPU.Build.0 = Debug|Any CPU
		{5F56E26C-AA29-4888-AE14-336C964A77DD}.AppStore|ARM.ActiveCfg = Debug|Any CPU
		{5F56E26C-AA29-4888-AE14-336C964A77DD}.AppStore|ARM.Build.0 = Debug|Any CPU
		{5F56E26C-AA29-4888-AE14-336C964A77DD}.AppStore|iPhone.ActiveCfg = Debug|Any CPU
		{5F56E26C-AA29-4888-AE14-336C964A77DD}.AppStore|iPhone.Build.0 = Debug|Any CPU
		{5F56E26C-AA29-4888-AE14-336C964A77DD}.AppStore|iPhoneSimulator.ActiveCfg = Debug|Any CPU
		{5F56E26C-AA29-4888-AE14-336C964A77DD}.AppStore|iPhoneSimulator.Build.0 = Debug|Any CPU
		{5F56E26C-AA29-4888-AE14-336C964A77DD}.AppStore|x64.ActiveCfg = Debug|Any CPU
		{5F56E26C-AA29-4888-AE14-336C964A77DD}.AppStore|x64.Build.0 = Debug|Any CPU
		{5F56E26C-AA29-4888-AE14-336C964A77DD}.AppStore|x86.ActiveCfg = Debug|Any CPU
		{5F56E26C-AA29-4888-AE14-336C964A77DD}.AppStore|x86.Build.0 = Debug|Any CPU
		{5F56E26C-AA29-4888-AE14-336C964A77DD}.Debug|Any CPU.ActiveCfg = Debug|Any CPU
		{5F56E26C-AA29-4888-AE14-336C964A77DD}.Debug|Any CPU.Build.0 = Debug|Any CPU
		{5F56E26C-AA29-4888-AE14-336C964A77DD}.Debug|ARM.ActiveCfg = Debug|Any CPU
		{5F56E26C-AA29-4888-AE14-336C964A77DD}.Debug|ARM.Build.0 = Debug|Any CPU
		{5F56E26C-AA29-4888-AE14-336C964A77DD}.Debug|iPhone.ActiveCfg = Debug|Any CPU
		{5F56E26C-AA29-4888-AE14-336C964A77DD}.Debug|iPhone.Build.0 = Debug|Any CPU
		{5F56E26C-AA29-4888-AE14-336C964A77DD}.Debug|iPhoneSimulator.ActiveCfg = Debug|Any CPU
		{5F56E26C-AA29-4888-AE14-336C964A77DD}.Debug|iPhoneSimulator.Build.0 = Debug|Any CPU
		{5F56E26C-AA29-4888-AE14-336C964A77DD}.Debug|x64.ActiveCfg = Debug|Any CPU
		{5F56E26C-AA29-4888-AE14-336C964A77DD}.Debug|x64.Build.0 = Debug|Any CPU
		{5F56E26C-AA29-4888-AE14-336C964A77DD}.Debug|x86.ActiveCfg = Debug|Any CPU
		{5F56E26C-AA29-4888-AE14-336C964A77DD}.Debug|x86.Build.0 = Debug|Any CPU
		{5F56E26C-AA29-4888-AE14-336C964A77DD}.Release|Any CPU.ActiveCfg = Release|Any CPU
		{5F56E26C-AA29-4888-AE14-336C964A77DD}.Release|Any CPU.Build.0 = Release|Any CPU
		{5F56E26C-AA29-4888-AE14-336C964A77DD}.Release|ARM.ActiveCfg = Release|Any CPU
		{5F56E26C-AA29-4888-AE14-336C964A77DD}.Release|ARM.Build.0 = Release|Any CPU
		{5F56E26C-AA29-4888-AE14-336C964A77DD}.Release|iPhone.ActiveCfg = Release|Any CPU
		{5F56E26C-AA29-4888-AE14-336C964A77DD}.Release|iPhone.Build.0 = Release|Any CPU
		{5F56E26C-AA29-4888-AE14-336C964A77DD}.Release|iPhoneSimulator.ActiveCfg = Release|Any CPU
		{5F56E26C-AA29-4888-AE14-336C964A77DD}.Release|iPhoneSimulator.Build.0 = Release|Any CPU
		{5F56E26C-AA29-4888-AE14-336C964A77DD}.Release|x64.ActiveCfg = Release|Any CPU
		{5F56E26C-AA29-4888-AE14-336C964A77DD}.Release|x64.Build.0 = Release|Any CPU
		{5F56E26C-AA29-4888-AE14-336C964A77DD}.Release|x86.ActiveCfg = Release|Any CPU
		{5F56E26C-AA29-4888-AE14-336C964A77DD}.Release|x86.Build.0 = Release|Any CPU
		{68DE35C8-576F-4BF3-B8BD-954E5E8B0955}.Ad-Hoc|Any CPU.ActiveCfg = Debug|Any CPU
		{68DE35C8-576F-4BF3-B8BD-954E5E8B0955}.Ad-Hoc|Any CPU.Build.0 = Debug|Any CPU
		{68DE35C8-576F-4BF3-B8BD-954E5E8B0955}.Ad-Hoc|ARM.ActiveCfg = Debug|Any CPU
		{68DE35C8-576F-4BF3-B8BD-954E5E8B0955}.Ad-Hoc|ARM.Build.0 = Debug|Any CPU
		{68DE35C8-576F-4BF3-B8BD-954E5E8B0955}.Ad-Hoc|iPhone.ActiveCfg = Debug|Any CPU
		{68DE35C8-576F-4BF3-B8BD-954E5E8B0955}.Ad-Hoc|iPhone.Build.0 = Debug|Any CPU
		{68DE35C8-576F-4BF3-B8BD-954E5E8B0955}.Ad-Hoc|iPhoneSimulator.ActiveCfg = Debug|Any CPU
		{68DE35C8-576F-4BF3-B8BD-954E5E8B0955}.Ad-Hoc|iPhoneSimulator.Build.0 = Debug|Any CPU
		{68DE35C8-576F-4BF3-B8BD-954E5E8B0955}.Ad-Hoc|x64.ActiveCfg = Debug|Any CPU
		{68DE35C8-576F-4BF3-B8BD-954E5E8B0955}.Ad-Hoc|x64.Build.0 = Debug|Any CPU
		{68DE35C8-576F-4BF3-B8BD-954E5E8B0955}.Ad-Hoc|x86.ActiveCfg = Debug|Any CPU
		{68DE35C8-576F-4BF3-B8BD-954E5E8B0955}.Ad-Hoc|x86.Build.0 = Debug|Any CPU
		{68DE35C8-576F-4BF3-B8BD-954E5E8B0955}.AppStore|Any CPU.ActiveCfg = Debug|Any CPU
		{68DE35C8-576F-4BF3-B8BD-954E5E8B0955}.AppStore|Any CPU.Build.0 = Debug|Any CPU
		{68DE35C8-576F-4BF3-B8BD-954E5E8B0955}.AppStore|ARM.ActiveCfg = Debug|Any CPU
		{68DE35C8-576F-4BF3-B8BD-954E5E8B0955}.AppStore|ARM.Build.0 = Debug|Any CPU
		{68DE35C8-576F-4BF3-B8BD-954E5E8B0955}.AppStore|iPhone.ActiveCfg = Debug|Any CPU
		{68DE35C8-576F-4BF3-B8BD-954E5E8B0955}.AppStore|iPhone.Build.0 = Debug|Any CPU
		{68DE35C8-576F-4BF3-B8BD-954E5E8B0955}.AppStore|iPhoneSimulator.ActiveCfg = Debug|Any CPU
		{68DE35C8-576F-4BF3-B8BD-954E5E8B0955}.AppStore|iPhoneSimulator.Build.0 = Debug|Any CPU
		{68DE35C8-576F-4BF3-B8BD-954E5E8B0955}.AppStore|x64.ActiveCfg = Debug|Any CPU
		{68DE35C8-576F-4BF3-B8BD-954E5E8B0955}.AppStore|x64.Build.0 = Debug|Any CPU
		{68DE35C8-576F-4BF3-B8BD-954E5E8B0955}.AppStore|x86.ActiveCfg = Debug|Any CPU
		{68DE35C8-576F-4BF3-B8BD-954E5E8B0955}.AppStore|x86.Build.0 = Debug|Any CPU
		{68DE35C8-576F-4BF3-B8BD-954E5E8B0955}.Debug|Any CPU.ActiveCfg = Debug|Any CPU
		{68DE35C8-576F-4BF3-B8BD-954E5E8B0955}.Debug|Any CPU.Build.0 = Debug|Any CPU
		{68DE35C8-576F-4BF3-B8BD-954E5E8B0955}.Debug|ARM.ActiveCfg = Debug|Any CPU
		{68DE35C8-576F-4BF3-B8BD-954E5E8B0955}.Debug|ARM.Build.0 = Debug|Any CPU
		{68DE35C8-576F-4BF3-B8BD-954E5E8B0955}.Debug|iPhone.ActiveCfg = Debug|Any CPU
		{68DE35C8-576F-4BF3-B8BD-954E5E8B0955}.Debug|iPhone.Build.0 = Debug|Any CPU
		{68DE35C8-576F-4BF3-B8BD-954E5E8B0955}.Debug|iPhoneSimulator.ActiveCfg = Debug|Any CPU
		{68DE35C8-576F-4BF3-B8BD-954E5E8B0955}.Debug|iPhoneSimulator.Build.0 = Debug|Any CPU
		{68DE35C8-576F-4BF3-B8BD-954E5E8B0955}.Debug|x64.ActiveCfg = Debug|Any CPU
		{68DE35C8-576F-4BF3-B8BD-954E5E8B0955}.Debug|x64.Build.0 = Debug|Any CPU
		{68DE35C8-576F-4BF3-B8BD-954E5E8B0955}.Debug|x86.ActiveCfg = Debug|Any CPU
		{68DE35C8-576F-4BF3-B8BD-954E5E8B0955}.Debug|x86.Build.0 = Debug|Any CPU
		{68DE35C8-576F-4BF3-B8BD-954E5E8B0955}.Release|Any CPU.ActiveCfg = Release|Any CPU
		{68DE35C8-576F-4BF3-B8BD-954E5E8B0955}.Release|Any CPU.Build.0 = Release|Any CPU
		{68DE35C8-576F-4BF3-B8BD-954E5E8B0955}.Release|ARM.ActiveCfg = Release|Any CPU
		{68DE35C8-576F-4BF3-B8BD-954E5E8B0955}.Release|ARM.Build.0 = Release|Any CPU
		{68DE35C8-576F-4BF3-B8BD-954E5E8B0955}.Release|iPhone.ActiveCfg = Release|Any CPU
		{68DE35C8-576F-4BF3-B8BD-954E5E8B0955}.Release|iPhone.Build.0 = Release|Any CPU
		{68DE35C8-576F-4BF3-B8BD-954E5E8B0955}.Release|iPhoneSimulator.ActiveCfg = Release|Any CPU
		{68DE35C8-576F-4BF3-B8BD-954E5E8B0955}.Release|iPhoneSimulator.Build.0 = Release|Any CPU
		{68DE35C8-576F-4BF3-B8BD-954E5E8B0955}.Release|x64.ActiveCfg = Release|Any CPU
		{68DE35C8-576F-4BF3-B8BD-954E5E8B0955}.Release|x64.Build.0 = Release|Any CPU
		{68DE35C8-576F-4BF3-B8BD-954E5E8B0955}.Release|x86.ActiveCfg = Release|Any CPU
		{68DE35C8-576F-4BF3-B8BD-954E5E8B0955}.Release|x86.Build.0 = Release|Any CPU
		{00BDA47B-467F-45E1-BEBB-2824C907EFAC}.Ad-Hoc|Any CPU.ActiveCfg = Release|Any CPU
		{00BDA47B-467F-45E1-BEBB-2824C907EFAC}.Ad-Hoc|Any CPU.Build.0 = Release|Any CPU
		{00BDA47B-467F-45E1-BEBB-2824C907EFAC}.Ad-Hoc|ARM.ActiveCfg = Release|Any CPU
		{00BDA47B-467F-45E1-BEBB-2824C907EFAC}.Ad-Hoc|ARM.Build.0 = Release|Any CPU
		{00BDA47B-467F-45E1-BEBB-2824C907EFAC}.Ad-Hoc|iPhone.ActiveCfg = Release|Any CPU
		{00BDA47B-467F-45E1-BEBB-2824C907EFAC}.Ad-Hoc|iPhone.Build.0 = Release|Any CPU
		{00BDA47B-467F-45E1-BEBB-2824C907EFAC}.Ad-Hoc|iPhoneSimulator.ActiveCfg = Release|Any CPU
		{00BDA47B-467F-45E1-BEBB-2824C907EFAC}.Ad-Hoc|iPhoneSimulator.Build.0 = Release|Any CPU
		{00BDA47B-467F-45E1-BEBB-2824C907EFAC}.Ad-Hoc|x64.ActiveCfg = Release|Any CPU
		{00BDA47B-467F-45E1-BEBB-2824C907EFAC}.Ad-Hoc|x64.Build.0 = Release|Any CPU
		{00BDA47B-467F-45E1-BEBB-2824C907EFAC}.Ad-Hoc|x86.ActiveCfg = Release|Any CPU
		{00BDA47B-467F-45E1-BEBB-2824C907EFAC}.Ad-Hoc|x86.Build.0 = Release|Any CPU
		{00BDA47B-467F-45E1-BEBB-2824C907EFAC}.AppStore|Any CPU.ActiveCfg = Release|Any CPU
		{00BDA47B-467F-45E1-BEBB-2824C907EFAC}.AppStore|Any CPU.Build.0 = Release|Any CPU
		{00BDA47B-467F-45E1-BEBB-2824C907EFAC}.AppStore|ARM.ActiveCfg = Release|Any CPU
		{00BDA47B-467F-45E1-BEBB-2824C907EFAC}.AppStore|ARM.Build.0 = Release|Any CPU
		{00BDA47B-467F-45E1-BEBB-2824C907EFAC}.AppStore|iPhone.ActiveCfg = Release|Any CPU
		{00BDA47B-467F-45E1-BEBB-2824C907EFAC}.AppStore|iPhone.Build.0 = Release|Any CPU
		{00BDA47B-467F-45E1-BEBB-2824C907EFAC}.AppStore|iPhoneSimulator.ActiveCfg = Release|Any CPU
		{00BDA47B-467F-45E1-BEBB-2824C907EFAC}.AppStore|iPhoneSimulator.Build.0 = Release|Any CPU
		{00BDA47B-467F-45E1-BEBB-2824C907EFAC}.AppStore|x64.ActiveCfg = Release|Any CPU
		{00BDA47B-467F-45E1-BEBB-2824C907EFAC}.AppStore|x64.Build.0 = Release|Any CPU
		{00BDA47B-467F-45E1-BEBB-2824C907EFAC}.AppStore|x86.ActiveCfg = Release|Any CPU
		{00BDA47B-467F-45E1-BEBB-2824C907EFAC}.AppStore|x86.Build.0 = Release|Any CPU
		{00BDA47B-467F-45E1-BEBB-2824C907EFAC}.Debug|Any CPU.ActiveCfg = Debug|Any CPU
		{00BDA47B-467F-45E1-BEBB-2824C907EFAC}.Debug|Any CPU.Build.0 = Debug|Any CPU
		{00BDA47B-467F-45E1-BEBB-2824C907EFAC}.Debug|ARM.ActiveCfg = Debug|Any CPU
		{00BDA47B-467F-45E1-BEBB-2824C907EFAC}.Debug|ARM.Build.0 = Debug|Any CPU
		{00BDA47B-467F-45E1-BEBB-2824C907EFAC}.Debug|iPhone.ActiveCfg = Debug|Any CPU
		{00BDA47B-467F-45E1-BEBB-2824C907EFAC}.Debug|iPhone.Build.0 = Debug|Any CPU
		{00BDA47B-467F-45E1-BEBB-2824C907EFAC}.Debug|iPhoneSimulator.ActiveCfg = Debug|Any CPU
		{00BDA47B-467F-45E1-BEBB-2824C907EFAC}.Debug|iPhoneSimulator.Build.0 = Debug|Any CPU
		{00BDA47B-467F-45E1-BEBB-2824C907EFAC}.Debug|x64.ActiveCfg = Debug|Any CPU
		{00BDA47B-467F-45E1-BEBB-2824C907EFAC}.Debug|x64.Build.0 = Debug|Any CPU
		{00BDA47B-467F-45E1-BEBB-2824C907EFAC}.Debug|x86.ActiveCfg = Debug|Any CPU
		{00BDA47B-467F-45E1-BEBB-2824C907EFAC}.Debug|x86.Build.0 = Debug|Any CPU
		{00BDA47B-467F-45E1-BEBB-2824C907EFAC}.Release|Any CPU.ActiveCfg = Release|Any CPU
		{00BDA47B-467F-45E1-BEBB-2824C907EFAC}.Release|Any CPU.Build.0 = Release|Any CPU
		{00BDA47B-467F-45E1-BEBB-2824C907EFAC}.Release|ARM.ActiveCfg = Release|Any CPU
		{00BDA47B-467F-45E1-BEBB-2824C907EFAC}.Release|ARM.Build.0 = Release|Any CPU
		{00BDA47B-467F-45E1-BEBB-2824C907EFAC}.Release|iPhone.ActiveCfg = Release|Any CPU
		{00BDA47B-467F-45E1-BEBB-2824C907EFAC}.Release|iPhone.Build.0 = Release|Any CPU
		{00BDA47B-467F-45E1-BEBB-2824C907EFAC}.Release|iPhoneSimulator.ActiveCfg = Release|Any CPU
		{00BDA47B-467F-45E1-BEBB-2824C907EFAC}.Release|iPhoneSimulator.Build.0 = Release|Any CPU
		{00BDA47B-467F-45E1-BEBB-2824C907EFAC}.Release|x64.ActiveCfg = Release|Any CPU
		{00BDA47B-467F-45E1-BEBB-2824C907EFAC}.Release|x64.Build.0 = Release|Any CPU
		{00BDA47B-467F-45E1-BEBB-2824C907EFAC}.Release|x86.ActiveCfg = Release|Any CPU
		{00BDA47B-467F-45E1-BEBB-2824C907EFAC}.Release|x86.Build.0 = Release|Any CPU
	EndGlobalSection
	GlobalSection(SolutionProperties) = preSolution
		HideSolutionNode = FALSE
	EndGlobalSection
	GlobalSection(ExtensibilityGlobals) = postSolution
		SolutionGuid = {BC16E098-F301-4ACE-95E1-E85AC7E46FF7}
	EndGlobalSection
	GlobalSection(TeamFoundationVersionControl) = preSolution
		SccNumberOfProjects = 7
		SccEnterpriseProvider = {4CA58AB2-18FA-4F8D-95D4-32DDF27D184C}
		SccTeamFoundationServer = https://evtechsvc.visualstudio.com/
		SccLocalPath0 = .
		SccProjectUniqueName1 = MXApp\\MXApp.Android\\MXApp.Android.csproj
		SccProjectName1 = MXApp/MXApp.Android
		SccLocalPath1 = MXApp\\MXApp.Android
		SccProjectUniqueName2 = MXApp\\MXApp.iOS\\MXApp.iOS.csproj
		SccProjectName2 = MXApp/MXApp.iOS
		SccLocalPath2 = MXApp\\MXApp.iOS
		SccProjectUniqueName3 = MXApp\\MXApp.UWP\\MXApp.UWP.csproj
		SccProjectName3 = MXApp/MXApp.UWP
		SccLocalPath3 = MXApp\\MXApp.UWP
		SccProjectUniqueName4 = MXApp\\MXApp\\MXApp.csproj
		SccProjectName4 = MXApp/MXApp
		SccLocalPath4 = MXApp\\MXApp
		SccProjectUniqueName5 = MXApi.Models\\MXApi.Models.csproj
		SccProjectName5 = MXApi.Models
		SccLocalPath5 = MXApi.Models
		SccProjectUniqueName6 = MXApp.MobileService\\MXApp.MobileService.csproj
		SccProjectName6 = MXApp.MobileService
		SccLocalPath6 = MXApp.MobileService
	EndGlobalSection
EndGlobal
